
Microsoft Visual Studio Solution File, Format Version 12.00
# Visual Studio Version 16
VisualStudioVersion = 16.6.30114.105
MinimumVisualStudioVersion = 10.0.40219.1
Project("{FAE04EC0-301F-11D3-BF4B-00C04F79EFBC}") = "ProjectAanagramCheck", "ProjectAanagramCheck\ProjectAanagramCheck.csproj", "{91A425B6-47A3-43F2-BBC2-95D056A7A011}"
EndProject
Project("{FAE04EC0-301F-11D3-BF4B-00C04F79EFBC}") = "TestProjectAnagramCheck", "TestProjectAnagramCheck\TestProjectAnagramCheck.csproj", "{6D1CE124-B36F-4268-A8A1-77F1B9C244F7}"
EndProject
Global
	GlobalSection(SolutionConfigurationPlatforms) = preSolution
		Debug|Any CPU = Debug|Any CPU
		Debug|x64 = Debug|x64
		Debug|x86 = Debug|x86
		Release|Any CPU = Release|Any CPU
		Release|x64 = Release|x64
		Release|x86 = Release|x86
	EndGlobalSection
	GlobalSection(SolutionProperties) = preSolution
		HideSolutionNode = FALSE
	EndGlobalSection
	GlobalSection(ProjectConfigurationPlatforms) = postSolution
		{91A425B6-47A3-43F2-BBC2-95D056A7A011}.Debug|Any CPU.ActiveCfg = Debug|Any CPU
		{91A425B6-47A3-43F2-BBC2-95D056A7A011}.Debug|Any CPU.Build.0 = Debug|Any CPU
		{91A425B6-47A3-43F2-BBC2-95D056A7A011}.Debug|x64.ActiveCfg = Debug|Any CPU
		{91A425B6-47A3-43F2-BBC2-95D056A7A011}.Debug|x64.Build.0 = Debug|Any CPU
		{91A425B6-47A3-43F2-BBC2-95D056A7A011}.Debug|x86.ActiveCfg = Debug|Any CPU
		{91A425B6-47A3-43F2-BBC2-95D056A7A011}.Debug|x86.Build.0 = Debug|Any CPU
		{91A425B6-47A3-43F2-BBC2-95D056A7A011}.Release|Any CPU.ActiveCfg = Release|Any CPU
		{91A425B6-47A3-43F2-BBC2-95D056A7A011}.Release|Any CPU.Build.0 = Release|Any CPU
		{91A425B6-47A3-43F2-BBC2-95D056A7A011}.Release|x64.ActiveCfg = Release|Any CPU
		{91A425B6-47A3-43F2-BBC2-95D056A7A011}.Release|x64.Build.0 = Release|Any CPU
		{91A425B6-47A3-43F2-BBC2-95D056A7A011}.Release|x86.ActiveCfg = Release|Any CPU
		{91A425B6-47A3-43F2-BBC2-95D056A7A011}.Release|x86.Build.0 = Release|Any CPU
		{6D1CE124-B36F-4268-A8A1-77F1B9C244F7}.Debug|Any CPU.ActiveCfg = Debug|Any CPU
		{6D1CE124-B36F-4268-A8A1-77F1B9C244F7}.Debug|Any CPU.Build.0 = Debug|Any CPU
		{6D1CE124-B36F-4268-A8A1-77F1B9C244F7}.Debug|x64.ActiveCfg = Debug|Any CPU
		{6D1CE124-B36F-4268-A8A1-77F1B9C244F7}.Debug|x64.Build.0 = Debug|Any CPU
		{6D1CE124-B36F-4268-A8A1-77F1B9C244F7}.Debug|x86.ActiveCfg = Debug|Any CPU
		{6D1CE124-B36F-4268-A8A1-77F1B9C244F7}.Debug|x86.Build.0 = Debug|Any CPU
		{6D1CE124-B36F-4268-A8A1-77F1B9C244F7}.Release|Any CPU.ActiveCfg = Release|Any CPU
		{6D1CE124-B36F-4268-A8A1-77F1B9C244F7}.Release|Any CPU.Build.0 = Release|Any CPU
		{6D1CE124-B36F-4268-A8A1-77F1B9C244F7}.Release|x64.ActiveCfg = Release|Any CPU
		{6D1CE124-B36F-4268-A8A1-77F1B9C244F7}.Release|x64.Build.0 = Release|Any CPU
		{6D1CE124-B36F-4268-A8A1-77F1B9C244F7}.Release|x86.ActiveCfg = Release|Any CPU
		{6D1CE124-B36F-4268-A8A1-77F1B9C244F7}.Release|x86.Build.0 = Release|Any CPU
	EndGlobalSection
EndGlobal
